{
  "sources": {
    "git": {
      "locked_version": "2.6.0"
    },
    "git-annex": {
      "locked_version": "0.1.5"
    },
    "dmg": {
      "locked_version": "2.0.8"
    },
    "build-essential": {
      "locked_version": "1.4.2"
    },
    "yum": {
      "locked_version": "3.0.4"
    },
    "windows": {
      "locked_version": "1.11.0"
    },
    "chef_handler": {
      "locked_version": "1.1.4"
    },
    "runit": {
      "locked_version": "1.4.0"
    },
    "apt": {
      "locked_version": "2.3.0"
    }
  }
}
