{
  "sources": {
    "dmg": {
      "locked_version": "2.0.1",
      "git": "git://github.com/mpasternacki/dmg.git",
      "ref": "1784b0c1095e704bc15df748c5502b690fe96811"
    },
    "git": {
      "locked_version": "2.6.0"
    },
    "git-annex": {
      "locked_version": "0.1.3"
    },
    "vagrant": {
      "locked_version": "0.2.0"
    },
    "virtualbox": {
      "locked_version": "1.0.0",
      "git": "git://github.com/peplin/virtualbox-cookbook.git",
      "ref": "d1f4c4db122376da0fa74f145e1fbbb0c9af95c1"
    },
    "build-essential": {
      "locked_version": "1.4.2"
    },
    "yum": {
      "locked_version": "2.3.2"
    },
    "windows": {
      "locked_version": "1.10.0"
    },
    "chef_handler": {
      "locked_version": "1.1.4"
    },
    "runit": {
      "locked_version": "1.1.6"
    },
    "apt": {
      "locked_version": "2.1.1"
    }
  }
}
